{
  "name": "asset-convert",
  "version": "1.0.0",
  "lockfileVersion": 3,
  "requires": true,
  "packages": {
    "": {
      "name": "asset-convert",
      "version": "1.0.0",
      "dependencies": {
        "@gltf-transform/core": "^4.4.1",
        "minimatch": "^10.0.1",
        "pngjs": "^7.0.0",
        "war3-model": "^4.0.1"
      },
      "engines": {
        "node": ">=18"
      }
    },
    "node_modules/@gltf-transform/core": {
      "version": "4.4.1",
      "resolved": "https://registry.npmjs.org/@gltf-transform/core/-/core-4.4.1.tgz",
      "integrity": "sha512-ygWWFOrj1HnfvBimHF1yHTY4abbeBjn3CvljijaWKoRLMRV/a8pWYQu9rfMFQhfpT5kYZTD5Mp+dizAXPbiTDQ==",
      "license": "MIT",
      "dependencies": {
        "property-graph": "^4.1.0"
      },
      "funding": {
        "url": "https://github.com/sponsors/donmccurdy"
      }
    },
    "node_modules/balanced-match": {
      "version": "4.0.4",
      "resolved": "https://registry.npmjs.org/balanced-match/-/balanced-match-4.0.4.tgz",
      "integrity": "sha512-BLrgEcRTwX2o6gGxGOCNyMvGSp35YofuYzw9h1IMTRmKqttAZZVU67bdb9Pr2vUHA8+j3i2tJfjO6C6+4myGTA==",
      "license": "MIT",
      "engines": {
        "node": "18 || 20 || >=22"
      }
    },
    "node_modules/brace-expansion": {
      "version": "5.0.7",
      "resolved": "https://registry.npmjs.org/brace-expansion/-/brace-expansion-5.0.7.tgz",
      "integrity": "sha512-7oFy703dxfY3/NLxC1fh2SUCQ0H9rmAY+5EpDVfXjUTTs+HEwR2nYaqLv+GWcTsumwxPfiz6CzCNkwXwBUwqCA==",
      "license": "MIT",
      "dependencies": {
        "balanced-match": "^4.0.2"
      },
      "engines": {
        "node": "18 || 20 || >=22"
      }
    },
    "node_modules/gl-matrix": {
      "version": "3.3.0",
      "resolved": "https://registry.npmjs.org/gl-matrix/-/gl-matrix-3.3.0.tgz",
      "integrity": "sha512-COb7LDz+SXaHtl/h4LeaFcNdJdAQSDeVqjiIihSXNrkWObZLhDI4hIkZC11Aeqp7bcE72clzB0BnDXr2SmslRA==",
      "license": "MIT"
    },
    "node_modules/minimatch": {
      "version": "10.2.5",
      "resolved": "https://registry.npmjs.org/minimatch/-/minimatch-10.2.5.tgz",
      "integrity": "sha512-MULkVLfKGYDFYejP07QOurDLLQpcjk7Fw+7jXS2R2czRQzR56yHRveU5NDJEOviH+hETZKSkIk5c+T23GjFUMg==",
      "license": "BlueOak-1.0.0",
      "dependencies": {
        "brace-expansion": "^5.0.5"
      },
      "engines": {
        "node": "18 || 20 || >=22"
      },
      "funding": {
        "url": "https://github.com/sponsors/isaacs"
      }
    },
    "node_modules/pngjs": {
      "version": "7.0.0",
      "resolved": "https://registry.npmjs.org/pngjs/-/pngjs-7.0.0.tgz",
      "integrity": "sha512-LKWqWJRhstyYo9pGvgor/ivk2w94eSjE3RGVuzLGlr3NmD8bf7RcYGze1mNdEHRP6TRP6rMuDHk5t44hnTRyow==",
      "license": "MIT",
      "engines": {
        "node": ">=14.19.0"
      }
    },
    "node_modules/property-graph": {
      "version": "4.1.0",
      "resolved": "https://registry.npmjs.org/property-graph/-/property-graph-4.1.0.tgz",
      "integrity": "sha512-AvPcP7XECNWy4LGmFQ77k7un4lSKM4eS29PTvW4ck95uYeLxXPWJM7hLuBqK91FaHqCcgJvIUCuNJjjxKE7VKQ==",
      "license": "MIT"
    },
    "node_modules/war3-model": {
      "version": "4.0.1",
      "resolved": "https://registry.npmjs.org/war3-model/-/war3-model-4.0.1.tgz",
      "integrity": "sha512-1jzV2756ty16m9XO8bdXsPF4mxvMK/RGed8b9WZ3Slw76kYdrhty8OQ+UAykdIrhlqzEYwyON+pLbXI5a+yURg==",
      "license": "MIT",
      "dependencies": {
        "gl-matrix": "3.3.0"
      },
      "engines": {
        "node": ">=4.0.0"
      }
    }
  }
}
